
Microsoft Visual Studio Solution File, Format Version 12.00
# Visual Studio Version 16
VisualStudioVersion = 16.0.30717.126
MinimumVisualStudioVersion = 10.0.40219.1
Project("{FAE04EC0-301F-11D3-BF4B-00C04F79EFBC}") = "AcelProdutor", "AcelProdutor\AcelProdutor.csproj", "{14DAC9E0-7964-4507-8D8C-7E89E074CF74}"
EndProject
Global
	GlobalSection(SolutionConfigurationPlatforms) = preSolution
		Debug|Any CPU = Debug|Any CPU
		Release|Any CPU = Release|Any CPU
	EndGlobalSection
	GlobalSection(ProjectConfigurationPlatforms) = postSolution
		{14DAC9E0-7964-4507-8D8C-7E89E074CF74}.Debug|Any CPU.ActiveCfg = Debug|Any CPU
		{14DAC9E0-7964-4507-8D8C-7E89E074CF74}.Debug|Any CPU.Build.0 = Debug|Any CPU
		{14DAC9E0-7964-4507-8D8C-7E89E074CF74}.Release|Any CPU.ActiveCfg = Release|Any CPU
		{14DAC9E0-7964-4507-8D8C-7E89E074CF74}.Release|Any CPU.Build.0 = Release|Any CPU
	EndGlobalSection
	GlobalSection(SolutionProperties) = preSolution
		HideSolutionNode = FALSE
	EndGlobalSection
	GlobalSection(ExtensibilityGlobals) = postSolution
		SolutionGuid = {5D315950-2BDF-485D-84CE-5743B50AD938}
	EndGlobalSection
EndGlobal
